
Microsoft Visual Studio Solution File, Format Version 12.00
# Visual Studio Version 17
VisualStudioVersion = 17.10.35027.167
MinimumVisualStudioVersion = 10.0.40219.1
Project("{2150E333-8FDC-42A3-9474-1A3956D46DE8}") = "Solution Items", "Solution Items", "{7CE7A3D2-D2D8-4CE8-A542-41CC11D0DBFC}"
	ProjectSection(SolutionItems) = preProject
		Directory.Build.props = Directory.Build.props
		Directory.Build.targets = Directory.Build.targets
		stylecop.json = stylecop.json
	EndProjectSection
EndProject
Project("{2150E333-8FDC-42A3-9474-1A3956D46DE8}") = "src", "src", "{1950788C-4F54-410E-B83E-90563178EE20}"
EndProject
Project("{2150E333-8FDC-42A3-9474-1A3956D46DE8}") = "test", "test", "{A418B29D-BF3D-4C9B-8E38-B0699B9BEBA5}"
EndProject
Project("{2150E333-8FDC-42A3-9474-1A3956D46DE8}") = "Core", "Core", "{4894B754-698F-4785-870F-E325CDFFD709}"
EndProject
Project("{2150E333-8FDC-42A3-9474-1A3956D46DE8}") = "Migrators", "Migrators", "{12F75D46-5141-4786-BC0D-9B46594C7370}"
EndProject
Project("{2150E333-8FDC-42A3-9474-1A3956D46DE8}") = "Host", "Host", "{52C6095A-FA7C-49B7-A3EB-E47AE38ADE0F}"
EndProject
Project("{2150E333-8FDC-42A3-9474-1A3956D46DE8}") = "Infrastructure", "Infrastructure", "{339DB746-43EA-4E3F-82F9-2C38D92162DF}"
EndProject
Project("{9A19103F-16F7-4668-BE54-9A1E7A4F7556}") = "Application", "src\Core\Application\Application.csproj", "{0F597265-BD4A-4297-8C49-3A3E245A9A56}"
EndProject
Project("{9A19103F-16F7-4668-BE54-9A1E7A4F7556}") = "Domain", "src\Core\Domain\Domain.csproj", "{6041CE2D-65BB-406C-AAA5-820338E2DB50}"
EndProject
Project("{9A19103F-16F7-4668-BE54-9A1E7A4F7556}") = "Shared", "src\Core\Shared\Shared.csproj", "{EF6323B1-8208-4594-99F0-DED7E3B8C877}"
EndProject
Project("{9A19103F-16F7-4668-BE54-9A1E7A4F7556}") = "Host", "src\Host\Host\Host.csproj", "{29649D91-CDE2-4F10-AADB-9B73E19BFE55}"
EndProject
Project("{9A19103F-16F7-4668-BE54-9A1E7A4F7556}") = "Infrastructure", "src\Infrastructure\Infrastructure\Infrastructure.csproj", "{2C1F2164-BA12-4A8C-85C6-EA75A7C87514}"
EndProject
Project("{9A19103F-16F7-4668-BE54-9A1E7A4F7556}") = "Migrators.MSSQL", "src\Migrators\Migrators.MSSQL\Migrators.MSSQL.csproj", "{C4DB7165-8F3C-4A74-8260-8C9CD36F29C7}"
EndProject
Global
	GlobalSection(SolutionConfigurationPlatforms) = preSolution
		Debug|Any CPU = Debug|Any CPU
		Release|Any CPU = Release|Any CPU
	EndGlobalSection
	GlobalSection(ProjectConfigurationPlatforms) = postSolution
		{0F597265-BD4A-4297-8C49-3A3E245A9A56}.Debug|Any CPU.ActiveCfg = Debug|Any CPU
		{0F597265-BD4A-4297-8C49-3A3E245A9A56}.Debug|Any CPU.Build.0 = Debug|Any CPU
		{0F597265-BD4A-4297-8C49-3A3E245A9A56}.Release|Any CPU.ActiveCfg = Release|Any CPU
		{0F597265-BD4A-4297-8C49-3A3E245A9A56}.Release|Any CPU.Build.0 = Release|Any CPU
		{6041CE2D-65BB-406C-AAA5-820338E2DB50}.Debug|Any CPU.ActiveCfg = Debug|Any CPU
		{6041CE2D-65BB-406C-AAA5-820338E2DB50}.Debug|Any CPU.Build.0 = Debug|Any CPU
		{6041CE2D-65BB-406C-AAA5-820338E2DB50}.Release|Any CPU.ActiveCfg = Release|Any CPU
		{6041CE2D-65BB-406C-AAA5-820338E2DB50}.Release|Any CPU.Build.0 = Release|Any CPU
		{EF6323B1-8208-4594-99F0-DED7E3B8C877}.Debug|Any CPU.ActiveCfg = Debug|Any CPU
		{EF6323B1-8208-4594-99F0-DED7E3B8C877}.Debug|Any CPU.Build.0 = Debug|Any CPU
		{EF6323B1-8208-4594-99F0-DED7E3B8C877}.Release|Any CPU.ActiveCfg = Release|Any CPU
		{EF6323B1-8208-4594-99F0-DED7E3B8C877}.Release|Any CPU.Build.0 = Release|Any CPU
		{29649D91-CDE2-4F10-AADB-9B73E19BFE55}.Debug|Any CPU.ActiveCfg = Debug|Any CPU
		{29649D91-CDE2-4F10-AADB-9B73E19BFE55}.Debug|Any CPU.Build.0 = Debug|Any CPU
		{29649D91-CDE2-4F10-AADB-9B73E19BFE55}.Release|Any CPU.ActiveCfg = Release|Any CPU
		{29649D91-CDE2-4F10-AADB-9B73E19BFE55}.Release|Any CPU.Build.0 = Release|Any CPU
		{2C1F2164-BA12-4A8C-85C6-EA75A7C87514}.Debug|Any CPU.ActiveCfg = Debug|Any CPU
		{2C1F2164-BA12-4A8C-85C6-EA75A7C87514}.Debug|Any CPU.Build.0 = Debug|Any CPU
		{2C1F2164-BA12-4A8C-85C6-EA75A7C87514}.Release|Any CPU.ActiveCfg = Release|Any CPU
		{2C1F2164-BA12-4A8C-85C6-EA75A7C87514}.Release|Any CPU.Build.0 = Release|Any CPU
		{C4DB7165-8F3C-4A74-8260-8C9CD36F29C7}.Debug|Any CPU.ActiveCfg = Debug|Any CPU
		{C4DB7165-8F3C-4A74-8260-8C9CD36F29C7}.Debug|Any CPU.Build.0 = Debug|Any CPU
		{C4DB7165-8F3C-4A74-8260-8C9CD36F29C7}.Release|Any CPU.ActiveCfg = Release|Any CPU
		{C4DB7165-8F3C-4A74-8260-8C9CD36F29C7}.Release|Any CPU.Build.0 = Release|Any CPU
	EndGlobalSection
	GlobalSection(SolutionProperties) = preSolution
		HideSolutionNode = FALSE
	EndGlobalSection
	GlobalSection(NestedProjects) = preSolution
		{4894B754-698F-4785-870F-E325CDFFD709} = {1950788C-4F54-410E-B83E-90563178EE20}
		{12F75D46-5141-4786-BC0D-9B46594C7370} = {1950788C-4F54-410E-B83E-90563178EE20}
		{52C6095A-FA7C-49B7-A3EB-E47AE38ADE0F} = {1950788C-4F54-410E-B83E-90563178EE20}
		{339DB746-43EA-4E3F-82F9-2C38D92162DF} = {1950788C-4F54-410E-B83E-90563178EE20}
		{0F597265-BD4A-4297-8C49-3A3E245A9A56} = {4894B754-698F-4785-870F-E325CDFFD709}
		{6041CE2D-65BB-406C-AAA5-820338E2DB50} = {4894B754-698F-4785-870F-E325CDFFD709}
		{EF6323B1-8208-4594-99F0-DED7E3B8C877} = {4894B754-698F-4785-870F-E325CDFFD709}
		{29649D91-CDE2-4F10-AADB-9B73E19BFE55} = {52C6095A-FA7C-49B7-A3EB-E47AE38ADE0F}
		{2C1F2164-BA12-4A8C-85C6-EA75A7C87514} = {339DB746-43EA-4E3F-82F9-2C38D92162DF}
		{C4DB7165-8F3C-4A74-8260-8C9CD36F29C7} = {12F75D46-5141-4786-BC0D-9B46594C7370}
	EndGlobalSection
	GlobalSection(ExtensibilityGlobals) = postSolution
		SolutionGuid = {3E9D72AD-27B3-468D-BFB5-44915960AC40}
	EndGlobalSection
EndGlobal
